
Microsoft Visual Studio Solution File, Format Version 12.00
# Visual Studio Version 17
VisualStudioVersion = 17.13.35806.99 d17.13
MinimumVisualStudioVersion = 10.0.40219.1
Project("{FAE04EC0-301F-11D3-BF4B-00C04F79EFBC}") = "KP", "KP.csproj", "{29C23E66-A401-421C-864C-C0603EC9A6DF}"
EndProject
Global
	GlobalSection(SolutionConfigurationPlatforms) = preSolution
		Debug|Any CPU = Debug|Any CPU
		Release|Any CPU = Release|Any CPU
	EndGlobalSection
	GlobalSection(ProjectConfigurationPlatforms) = postSolution
		{29C23E66-A401-421C-864C-C0603EC9A6DF}.Debug|Any CPU.ActiveCfg = Debug|Any CPU
		{29C23E66-A401-421C-864C-C0603EC9A6DF}.Debug|Any CPU.Build.0 = Debug|Any CPU
		{29C23E66-A401-421C-864C-C0603EC9A6DF}.Release|Any CPU.ActiveCfg = Release|Any CPU
		{29C23E66-A401-421C-864C-C0603EC9A6DF}.Release|Any CPU.Build.0 = Release|Any CPU
	EndGlobalSection
	GlobalSection(SolutionProperties) = preSolution
		HideSolutionNode = FALSE
	EndGlobalSection
	GlobalSection(ExtensibilityGlobals) = postSolution
		SolutionGuid = {C5EB8618-6DB2-4B6E-AD63-8CEB81DA5D7D}
	EndGlobalSection
EndGlobal
